github.com/samyfodil/wazy v0.1.3 h1:rIVE9I4kSzW42mJUQ5p9u1hLq8UeoRuv8w3eJoQV6z8=
github.com/samyfodil/wazy v0.1.3/go.mod h1:jpXcoooWi9CQPnN1fzwt/A0w3AMRn/s6PQDunF55SIM=
golang.org/x/sys v0.44.0 h1:ildZl3J4uzeKP07r2F++Op7E9B29JRUy+a27EibtBTQ=
golang.org/x/sys v0.44.0/go.mod h1:4GL1E5IUh+htKOUEOaiffhrAeqysfVGipDYzABqnCmw=
