github.com/samyfodil/wazy v0.3.0 h1:3hSwfUtxRNpc26Gg9/EDa3RCbONoOLgZm0sUeOWrSaY=
github.com/samyfodil/wazy v0.3.0/go.mod h1:jpXcoooWi9CQPnN1fzwt/A0w3AMRn/s6PQDunF55SIM=
golang.org/x/sys v0.44.0 h1:ildZl3J4uzeKP07r2F++Op7E9B29JRUy+a27EibtBTQ=
golang.org/x/sys v0.44.0/go.mod h1:4GL1E5IUh+htKOUEOaiffhrAeqysfVGipDYzABqnCmw=
